
Microsoft Visual Studio Solution File, Format Version 12.00
# Visual Studio Version 16
VisualStudioVersion = 16.0.30011.22
MinimumVisualStudioVersion = 10.0.40219.1
Project("{9A19103F-16F7-4668-BE54-9A1E7A4F7556}") = "ProAgil", "ProAgil\ProAgil.csproj", "{6BFB547D-62D9-4324-94F7-9D3C978845B5}"
EndProject
Project("{FAE04EC0-301F-11D3-BF4B-00C04F79EFBC}") = "ProAgil.Domain", "ProAgil.Domain\ProAgil.Domain.csproj", "{DD37C3C6-A617-4840-AA40-2EFDE9205CFF}"
EndProject
Project("{FAE04EC0-301F-11D3-BF4B-00C04F79EFBC}") = "ProAgil.Repository", "ProAgil.Repository\ProAgil.Repository.csproj", "{130B83FD-AABE-431D-B172-B9B3AB294201}"
EndProject
Global
	GlobalSection(SolutionConfigurationPlatforms) = preSolution
		Debug|Any CPU = Debug|Any CPU
		Release|Any CPU = Release|Any CPU
	EndGlobalSection
	GlobalSection(ProjectConfigurationPlatforms) = postSolution
		{6BFB547D-62D9-4324-94F7-9D3C978845B5}.Debug|Any CPU.ActiveCfg = Debug|Any CPU
		{6BFB547D-62D9-4324-94F7-9D3C978845B5}.Debug|Any CPU.Build.0 = Debug|Any CPU
		{6BFB547D-62D9-4324-94F7-9D3C978845B5}.Release|Any CPU.ActiveCfg = Release|Any CPU
		{6BFB547D-62D9-4324-94F7-9D3C978845B5}.Release|Any CPU.Build.0 = Release|Any CPU
		{DD37C3C6-A617-4840-AA40-2EFDE9205CFF}.Debug|Any CPU.ActiveCfg = Debug|Any CPU
		{DD37C3C6-A617-4840-AA40-2EFDE9205CFF}.Debug|Any CPU.Build.0 = Debug|Any CPU
		{DD37C3C6-A617-4840-AA40-2EFDE9205CFF}.Release|Any CPU.ActiveCfg = Release|Any CPU
		{DD37C3C6-A617-4840-AA40-2EFDE9205CFF}.Release|Any CPU.Build.0 = Release|Any CPU
		{130B83FD-AABE-431D-B172-B9B3AB294201}.Debug|Any CPU.ActiveCfg = Debug|Any CPU
		{130B83FD-AABE-431D-B172-B9B3AB294201}.Debug|Any CPU.Build.0 = Debug|Any CPU
		{130B83FD-AABE-431D-B172-B9B3AB294201}.Release|Any CPU.ActiveCfg = Release|Any CPU
		{130B83FD-AABE-431D-B172-B9B3AB294201}.Release|Any CPU.Build.0 = Release|Any CPU
	EndGlobalSection
	GlobalSection(SolutionProperties) = preSolution
		HideSolutionNode = FALSE
	EndGlobalSection
	GlobalSection(ExtensibilityGlobals) = postSolution
		SolutionGuid = {5290D9AE-F943-49B3-AD2E-7820F37B82CA}
	EndGlobalSection
EndGlobal
